
Microsoft Visual Studio Solution File, Format Version 12.00
# Visual Studio 15
VisualStudioVersion = 15.0.27428.2011
MinimumVisualStudioVersion = 10.0.40219.1
Project("{FAE04EC0-301F-11D3-BF4B-00C04F79EFBC}") = "Variospect", "Variospect\Variospect.csproj", "{F3FE26E0-5CFF-44FD-9E5A-4322B96CC258}"
EndProject
Global
	GlobalSection(SolutionConfigurationPlatforms) = preSolution
		Debug|Any CPU = Debug|Any CPU
		Release|Any CPU = Release|Any CPU
	EndGlobalSection
	GlobalSection(ProjectConfigurationPlatforms) = postSolution
		{F3FE26E0-5CFF-44FD-9E5A-4322B96CC258}.Debug|Any CPU.ActiveCfg = Debug|Any CPU
		{F3FE26E0-5CFF-44FD-9E5A-4322B96CC258}.Debug|Any CPU.Build.0 = Debug|Any CPU
		{F3FE26E0-5CFF-44FD-9E5A-4322B96CC258}.Release|Any CPU.ActiveCfg = Release|Any CPU
		{F3FE26E0-5CFF-44FD-9E5A-4322B96CC258}.Release|Any CPU.Build.0 = Release|Any CPU
	EndGlobalSection
	GlobalSection(SolutionProperties) = preSolution
		HideSolutionNode = FALSE
	EndGlobalSection
	GlobalSection(ExtensibilityGlobals) = postSolution
		SolutionGuid = {7B86D9F1-49E2-47BF-BCBB-725E8648788A}
	EndGlobalSection
EndGlobal
